{
  "requires": true,
  "lockfileVersion": 1,
  "dependencies": {
    "@sweetalert2/theme-bootstrap-4": {
      "version": "3.1.0",
      "resolved": "https://registry.npmjs.org/@sweetalert2/theme-bootstrap-4/-/theme-bootstrap-4-3.1.0.tgz",
      "integrity": "sha512-b41/hqFiiGOpMrP2rcdD7sbTOyN8T9FbyfDq7rZuLmm+D21McVkSo6wdy3ZfFKE/0yrO0vYmCcMubLp8UF2Ixg=="
    },
    "sweetalert2": {
      "version": "9.7.1",
      "resolved": "https://registry.npmjs.org/sweetalert2/-/sweetalert2-9.7.1.tgz",
      "integrity": "sha512-ytBEyqRmZQsEFuPsYcuEXpruj9AgT32ELEBWGnioflsqbxHMMM8/Ghm1+hi4hsZ1PU7cp9TFFWe06WveGfwWKw=="
    }
  }
}
